
Microsoft Visual Studio Solution File, Format Version 12.00
# Visual Studio Version 16
VisualStudioVersion = 16.0.29503.13
MinimumVisualStudioVersion = 10.0.40219.1
Project("{FAE04EC0-301F-11D3-BF4B-00C04F79EFBC}") = "MGSProject", "MGSProject\MGSProject.csproj", "{50E545F7-00DD-4992-BDD1-544CFF80D6B8}"
EndProject
Global
	GlobalSection(SolutionConfigurationPlatforms) = preSolution
		Debug|Any CPU = Debug|Any CPU
		Release|Any CPU = Release|Any CPU
	EndGlobalSection
	GlobalSection(ProjectConfigurationPlatforms) = postSolution
		{50E545F7-00DD-4992-BDD1-544CFF80D6B8}.Debug|Any CPU.ActiveCfg = Debug|Any CPU
		{50E545F7-00DD-4992-BDD1-544CFF80D6B8}.Debug|Any CPU.Build.0 = Debug|Any CPU
		{50E545F7-00DD-4992-BDD1-544CFF80D6B8}.Release|Any CPU.ActiveCfg = Release|Any CPU
		{50E545F7-00DD-4992-BDD1-544CFF80D6B8}.Release|Any CPU.Build.0 = Release|Any CPU
	EndGlobalSection
	GlobalSection(SolutionProperties) = preSolution
		HideSolutionNode = FALSE
	EndGlobalSection
	GlobalSection(ExtensibilityGlobals) = postSolution
		SolutionGuid = {7171A71E-F528-4F95-A464-3C05FB23884B}
	EndGlobalSection
EndGlobal
